// !$*UTF8*$!
{
	archiveVersion = 1;
	classes = {
	};
	objectVersion = 46;
	objects = {

/* Begin PBXBuildFile section */
		582544A41CF6E60500921AA0 /* AppDelegate.swift in Sources */ = {isa = PBXBuildFile; fileRef = 582544A31CF6E60500921AA0 /* AppDelegate.swift */; };
		582544A61CF6E60500921AA0 /* ViewController.swift in Sources */ = {isa = PBXBuildFile; fileRef = 582544A51CF6E60500921AA0 /* ViewController.swift */; };
		582544A91CF6E60500921AA0 /* Main.storyboard in Resources */ = {isa = PBXBuildFile; fileRef = 582544A71CF6E60500921AA0 /* Main.storyboard */; };
		582544AB1CF6E60500921AA0 /* Assets.xcassets in Resources */ = {isa = PBXBuildFile; fileRef = 582544AA1CF6E60500921AA0 /* Assets.xcassets */; };
		582544AE1CF6E60500921AA0 /* LaunchScreen.storyboard in Resources */ = {isa = PBXBuildFile; fileRef = 582544AC1CF6E60500921AA0 /* LaunchScreen.storyboard */; };
		582544B91CF6E60600921AA0 /* HeadImageDrawTests.swift in Sources */ = {isa = PBXBuildFile; fileRef = 582544B81CF6E60600921AA0 /* HeadImageDrawTests.swift */; };
		582544C41CF6E60600921AA0 /* HeadImageDrawUITests.swift in Sources */ = {isa = PBXBuildFile; fileRef = 582544C31CF6E60600921AA0 /* HeadImageDrawUITests.swift */; };
/* End PBXBuildFile section */

/* Begin PBXContainerItemProxy section */
		582544B51CF6E60600921AA0 /* PBXContainerItemProxy */ = {
			isa = PBXContainerItemProxy;
			containerPortal = 582544981CF6E60500921AA0 /* Project object */;
			proxyType = 1;
			remoteGlobalIDString = 5825449F1CF6E60500921AA0;
			remoteInfo = HeadImageDraw;
		};
		582544C01CF6E60600921AA0 /* PBXContainerItemProxy */ = {
			isa = PBXContainerItemProxy;
			containerPortal = 582544981CF6E60500921AA0 /* Project object */;
			proxyType = 1;
			remoteGlobalIDString = 5825449F1CF6E60500921AA0;
			remoteInfo = HeadImageDraw;
		};
/* End PBXContainerItemProxy section */

/* Begin PBXFileReference section */
		582544A01CF6E60500921AA0 /* HeadImageDraw.app */ = {isa = PBXFileReference; explicitFileType = wrapper.application; includeInIndex = 0; path = HeadImageDraw.app; sourceTree = BUILT_PRODUCTS_DIR; };
		582544A31CF6E60500921AA0 /* AppDelegate.swift */ = {isa = PBXFileReference; lastKnownFileType = sourcecode.swift; path = AppDelegate.swift; sourceTree = "<group>"; };
		582544A51CF6E60500921AA0 /* ViewController.swift */ = {isa = PBXFileReference; lastKnownFileType = sourcecode.swift; path = ViewController.swift; sourceTree = "<group>"; };
		582544A81CF6E60500921AA0 /* Base */ = {isa = PBXFileReference; lastKnownFileType = file.storyboard; name = Base; path = Base.lproj/Main.storyboard; sourceTree = "<group>"; };
		582544AA1CF6E60500921AA0 /* Assets.xcassets */ = {isa = PBXFileReference; lastKnownFileType = folder.assetcatalog; path = Assets.xcassets; sourceTree = "<group>"; };
		582544AD1CF6E60500921AA0 /* Base */ = {isa = PBXFileReference; lastKnownFileType = file.storyboard; name = Base; path = Base.lproj/LaunchScreen.storyboard; sourceTree = "<group>"; };
		582544AF1CF6E60500921AA0 /* Info.plist */ = {isa = PBXFileReference; lastKnownFileType = text.plist.xml; path = Info.plist; sourceTree = "<group>"; };
		582544B41CF6E60600921AA0 /* HeadImageDrawTests.xctest */ = {isa = PBXFileReference; explicitFileType = wrapper.cfbundle; includeInIndex = 0; path = HeadImageDrawTests.xctest; sourceTree = BUILT_PRODUCTS_DIR; };
		582544B81CF6E60600921AA0 /* HeadImageDrawTests.swift */ = {isa = PBXFileReference; lastKnownFileType = sourcecode.swift; path = HeadImageDrawTests.swift; sourceTree = "<group>"; };
		582544BA1CF6E60600921AA0 /* Info.plist */ = {isa = PBXFileReference; lastKnownFileType = text.plist.xml; path = Info.plist; sourceTree = "<group>"; };
		582544BF1CF6E60600921AA0 /* HeadImageDrawUITests.xctest */ = {isa = PBXFileReference; explicitFileType = wrapper.cfbundle; includeInIndex = 0; path = HeadImageDrawUITests.xctest; sourceTree = BUILT_PRODUCTS_DIR; };
		582544C31CF6E60600921AA0 /* HeadImageDrawUITests.swift */ = {isa = PBXFileReference; lastKnownFileType = sourcecode.swift; path = HeadImageDrawUITests.swift; sourceTree = "<group>"; };
		582544C51CF6E60600921AA0 /* Info.plist */ = {isa = PBXFileReference; lastKnownFileType = text.plist.xml; path = Info.plist; sourceTree = "<group>"; };
/* End PBXFileReference section */

/* Begin PBXFrameworksBuildPhase section */
		5825449D1CF6E60500921AA0 /* Frameworks */ = {
			isa = PBXFrameworksBuildPhase;
			buildActionMask = 2147483647;
			files = (
			);
			runOnlyForDeploymentPostprocessing = 0;
		};
		582544B11CF6E60600921AA0 /* Frameworks */ = {
			isa = PBXFrameworksBuildPhase;
			buildActionMask = 2147483647;
			files = (
			);
			runOnlyForDeploymentPostprocessing = 0;
		};
		582544BC1CF6E60600921AA0 /* Frameworks */ = {
			isa = PBXFrameworksBuildPhase;
			buildActionMask = 2147483647;
			files = (
			);
			runOnlyForDeploymentPostprocessing = 0;
		};
/* End PBXFrameworksBuildPhase section */

/* Begin PBXGroup section */
		582544971CF6E60400921AA0 = {
			isa = PBXGroup;
			children = (
				582544A21CF6E60500921AA0 /* HeadImageDraw */,
				582544B71CF6E60600921AA0 /* HeadImageDrawTests */,
				582544C21CF6E60600921AA0 /* HeadImageDrawUITests */,
				582544A11CF6E60500921AA0 /* Products */,
			);
			sourceTree = "<group>";
		};
		582544A11CF6E60500921AA0 /* Products */ = {
			isa = PBXGroup;
			children = (
				582544A01CF6E60500921AA0 /* HeadImageDraw.app */,
				582544B41CF6E60600921AA0 /* HeadImageDrawTests.xctest */,
				582544BF1CF6E60600921AA0 /* HeadImageDrawUITests.xctest */,
			);
			name = Products;
			sourceTree = "<group>";
		};
		582544A21CF6E60500921AA0 /* HeadImageDraw */ = {
			isa = PBXGroup;
			children = (
				582544A31CF6E60500921AA0 /* AppDelegate.swift */,
				582544A51CF6E60500921AA0 /* ViewController.swift */,
				582544A71CF6E60500921AA0 /* Main.storyboard */,
				582544AA1CF6E60500921AA0 /* Assets.xcassets */,
				582544AC1CF6E60500921AA0 /* LaunchScreen.storyboard */,
				582544AF1CF6E60500921AA0 /* Info.plist */,
			);
			path = HeadImageDraw;
			sourceTree = "<group>";
		};
		582544B71CF6E60600921AA0 /* HeadImageDrawTests */ = {
			isa = PBXGroup;
			children = (
				582544B81CF6E60600921AA0 /* HeadImageDrawTests.swift */,
				582544BA1CF6E60600921AA0 /* Info.plist */,
			);
			path = HeadImageDrawTests;
			sourceTree = "<group>";
		};
		582544C21CF6E60600921AA0 /* HeadImageDrawUITests */ = {
			isa = PBXGroup;
			children = (
				582544C31CF6E60600921AA0 /* HeadImageDrawUITests.swift */,
				582544C51CF6E60600921AA0 /* Info.plist */,
			);
			path = HeadImageDrawUITests;
			sourceTree = "<group>";
		};
/* End PBXGroup section */

/* Begin PBXNativeTarget section */
		5825449F1CF6E60500921AA0 /* HeadImageDraw */ = {
			isa = PBXNativeTarget;
			buildConfigurationList = 582544C81CF6E60600921AA0 /* Build configuration list for PBXNativeTarget "HeadImageDraw" */;
			buildPhases = (
				5825449C1CF6E60500921AA0 /* Sources */,
				5825449D1CF6E60500921AA0 /* Frameworks */,
				5825449E1CF6E60500921AA0 /* Resources */,
			);
			buildRules = (
			);
			dependencies = (
			);
			name = HeadImageDraw;
			productName = HeadImageDraw;
			productReference = 582544A01CF6E60500921AA0 /* HeadImageDraw.app */;
			productType = "com.apple.product-type.application";
		};
		582544B31CF6E60600921AA0 /* HeadImageDrawTests */ = {
			isa = PBXNativeTarget;
			buildConfigurationList = 582544CB1CF6E60600921AA0 /* Build configuration list for PBXNativeTarget "HeadImageDrawTests" */;
			buildPhases = (
				582544B01CF6E60600921AA0 /* Sources */,
				582544B11CF6E60600921AA0 /* Frameworks */,
				582544B21CF6E60600921AA0 /* Resources */,
			);
			buildRules = (
			);
			dependencies = (
				582544B61CF6E60600921AA0 /* PBXTargetDependency */,
			);
			name = HeadImageDrawTests;
			productName = HeadImageDrawTests;
			productReference = 582544B41CF6E60600921AA0 /* HeadImageDrawTests.xctest */;
			productType = "com.apple.product-type.bundle.unit-test";
		};
		582544BE1CF6E60600921AA0 /* HeadImageDrawUITests */ = {
			isa = PBXNativeTarget;
			buildConfigurationList = 582544CE1CF6E60600921AA0 /* Build configuration list for PBXNativeTarget "HeadImageDrawUITests" */;
			buildPhases = (
				582544BB1CF6E60600921AA0 /* Sources */,
				582544BC1CF6E60600921AA0 /* Frameworks */,
				582544BD1CF6E60600921AA0 /* Resources */,
			);
			buildRules = (
			);
			dependencies = (
				582544C11CF6E60600921AA0 /* PBXTargetDependency */,
			);
			name = HeadImageDrawUITests;
			productName = HeadImageDrawUITests;
			productReference = 582544BF1CF6E60600921AA0 /* HeadImageDrawUITests.xctest */;
			productType = "com.apple.product-type.bundle.ui-testing";
		};
/* End PBXNativeTarget section */

/* Begin PBXProject section */
		582544981CF6E60500921AA0 /* Project object */ = {
			isa = PBXProject;
			attributes = {
				LastSwiftUpdateCheck = 0730;
				LastUpgradeCheck = 0730;
				ORGANIZATIONNAME = ifdoo;
				TargetAttributes = {
					5825449F1CF6E60500921AA0 = {
						CreatedOnToolsVersion = 7.3;
					};
					582544B31CF6E60600921AA0 = {
						CreatedOnToolsVersion = 7.3;
						TestTargetID = 5825449F1CF6E60500921AA0;
					};
					582544BE1CF6E60600921AA0 = {
						CreatedOnToolsVersion = 7.3;
						TestTargetID = 5825449F1CF6E60500921AA0;
					};
				};
			};
			buildConfigurationList = 5825449B1CF6E60500921AA0 /* Build configuration list for PBXProject "HeadImageDraw" */;
			compatibilityVersion = "Xcode 3.2";
			developmentRegion = English;
			hasScannedForEncodings = 0;
			knownRegions = (
				en,
				Base,
			);
			mainGroup = 582544971CF6E60400921AA0;
			productRefGroup = 582544A11CF6E60500921AA0 /* Products */;
			projectDirPath = "";
			projectRoot = "";
			targets = (
				5825449F1CF6E60500921AA0 /* HeadImageDraw */,
				582544B31CF6E60600921AA0 /* HeadImageDrawTests */,
				582544BE1CF6E60600921AA0 /* HeadImageDrawUITests */,
			);
		};
/* End PBXProject section */

/* Begin PBXResourcesBuildPhase section */
		5825449E1CF6E60500921AA0 /* Resources */ = {
			isa = PBXResourcesBuildPhase;
			buildActionMask = 2147483647;
			files = (
				582544AE1CF6E60500921AA0 /* LaunchScreen.storyboard in Resources */,
				582544AB1CF6E60500921AA0 /* Assets.xcassets in Resources */,
				582544A91CF6E60500921AA0 /* Main.storyboard in Resources */,
			);
			runOnlyForDeploymentPostprocessing = 0;
		};
		582544B21CF6E60600921AA0 /* Resources */ = {
			isa = PBXResourcesBuildPhase;
			buildActionMask = 2147483647;
			files = (
			);
			runOnlyForDeploymentPostprocessing = 0;
		};
		582544BD1CF6E60600921AA0 /* Resources */ = {
			isa = PBXResourcesBuildPhase;
			buildActionMask = 2147483647;
			files = (
			);
			runOnlyForDeploymentPostprocessing = 0;
		};
/* End PBXResourcesBuildPhase section */

/* Begin PBXSourcesBuildPhase section */
		5825449C1CF6E60500921AA0 /* Sources */ = {
			isa = PBXSourcesBuildPhase;
			buildActionMask = 2147483647;
			files = (
				582544A61CF6E60500921AA0 /* ViewController.swift in Sources */,
				582544A41CF6E60500921AA0 /* AppDelegate.swift in Sources */,
			);
			runOnlyForDeploymentPostprocessing = 0;
		};
		582544B01CF6E60600921AA0 /* Sources */ = {
			isa = PBXSourcesBuildPhase;
			buildActionMask = 2147483647;
			files = (
				582544B91CF6E60600921AA0 /* HeadImageDrawTests.swift in Sources */,
			);
			runOnlyForDeploymentPostprocessing = 0;
		};
		582544BB1CF6E60600921AA0 /* Sources */ = {
			isa = PBXSourcesBuildPhase;
			buildActionMask = 2147483647;
			files = (
				582544C41CF6E60600921AA0 /* HeadImageDrawUITests.swift in Sources */,
			);
			runOnlyForDeploymentPostprocessing = 0;
		};
/* End PBXSourcesBuildPhase section */

/* Begin PBXTargetDependency section */
		582544B61CF6E60600921AA0 /* PBXTargetDependency */ = {
			isa = PBXTargetDependency;
			target = 5825449F1CF6E60500921AA0 /* HeadImageDraw */;
			targetProxy = 582544B51CF6E60600921AA0 /* PBXContainerItemProxy */;
		};
		582544C11CF6E60600921AA0 /* PBXTargetDependency */ = {
			isa = PBXTargetDependency;
			target = 5825449F1CF6E60500921AA0 /* HeadImageDraw */;
			targetProxy = 582544C01CF6E60600921AA0 /* PBXContainerItemProxy */;
		};
/* End PBXTargetDependency section */

/* Begin PBXVariantGroup section */
		582544A71CF6E60500921AA0 /* Main.storyboard */ = {
			isa = PBXVariantGroup;
			children = (
				582544A81CF6E60500921AA0 /* Base */,
			);
			name = Main.storyboard;
			sourceTree = "<group>";
		};
		582544AC1CF6E60500921AA0 /* LaunchScreen.storyboard */ = {
			isa = PBXVariantGroup;
			children = (
				582544AD1CF6E60500921AA0 /* Base */,
			);
			name = LaunchScreen.storyboard;
			sourceTree = "<group>";
		};
/* End PBXVariantGroup section */

/* Begin XCBuildConfiguration section */
		582544C61CF6E60600921AA0 /* Debug */ = {
			isa = XCBuildConfiguration;
			buildSettings = {
				ALWAYS_SEARCH_USER_PATHS = NO;
				CLANG_ANALYZER_NONNULL = YES;
				CLANG_CXX_LANGUAGE_STANDARD = "gnu++0x";
				CLANG_CXX_LIBRARY = "libc++";
				CLANG_ENABLE_MODULES = YES;
				CLANG_ENABLE_OBJC_ARC = YES;
				CLANG_WARN_BOOL_CONVERSION = YES;
				CLANG_WARN_CONSTANT_CONVERSION = YES;
				CLANG_WARN_DIRECT_OBJC_ISA_USAGE = YES_ERROR;
				CLANG_WARN_EMPTY_BODY = YES;
				CLANG_WARN_ENUM_CONVERSION = YES;
				CLANG_WARN_INT_CONVERSION = YES;
				CLANG_WARN_OBJC_ROOT_CLASS = YES_ERROR;
				CLANG_WARN_UNREACHABLE_CODE = YES;
				CLANG_WARN__DUPLICATE_METHOD_MATCH = YES;
				"CODE_SIGN_IDENTITY[sdk=iphoneos*]" = "iPhone Developer";
				COPY_PHASE_STRIP = NO;
				DEBUG_INFORMATION_FORMAT = dwarf;
				ENABLE_STRICT_OBJC_MSGSEND = YES;
				ENABLE_TESTABILITY = YES;
				GCC_C_LANGUAGE_STANDARD = gnu99;
				GCC_DYNAMIC_NO_PIC = NO;
				GCC_NO_COMMON_BLOCKS = YES;
				GCC_OPTIMIZATION_LEVEL = 0;
				GCC_PREPROCESSOR_DEFINITIONS = (
					"DEBUG=1",
					"$(inherited)",
				);
				GCC_WARN_64_TO_32_BIT_CONVERSION = YES;
				GCC_WARN_ABOUT_RETURN_TYPE = YES_ERROR;
				GCC_WARN_UNDECLARED_SELECTOR = YES;
				GCC_WARN_UNINITIALIZED_AUTOS = YES_AGGRESSIVE;
				GCC_WARN_UNUSED_FUNCTION = YES;
				GCC_WARN_UNUSED_VARIABLE = YES;
				IPHONEOS_DEPLOYMENT_TARGET = 9.3;
				MTL_ENABLE_DEBUG_INFO = YES;
				ONLY_ACTIVE_ARCH = YES;
				SDKROOT = iphoneos;
				SWIFT_OPTIMIZATION_LEVEL = "-Onone";
			};
			name = Debug;
		};
		582544C71CF6E60600921AA0 /* Release */ = {
			isa = XCBuildConfiguration;
			buildSettings = {
				ALWAYS_SEARCH_USER_PATHS = NO;
				CLANG_ANALYZER_NONNULL = YES;
				CLANG_CXX_LANGUAGE_STANDARD = "gnu++0x";
				CLANG_CXX_LIBRARY = "libc++";
				CLANG_ENABLE_MODULES = YES;
				CLANG_ENABLE_OBJC_ARC = YES;
				CLANG_WARN_BOOL_CONVERSION = YES;
				CLANG_WARN_CONSTANT_CONVERSION = YES;
				CLANG_WARN_DIRECT_OBJC_ISA_USAGE = YES_ERROR;
				CLANG_WARN_EMPTY_BODY = YES;
				CLANG_WARN_ENUM_CONVERSION = YES;
				CLANG_WARN_INT_CONVERSION = YES;
				CLANG_WARN_OBJC_ROOT_CLASS = YES_ERROR;
				CLANG_WARN_UNREACHABLE_CODE = YES;
				CLANG_WARN__DUPLICATE_METHOD_MATCH = YES;
				"CODE_SIGN_IDENTITY[sdk=iphoneos*]" = "iPhone Developer";
				COPY_PHASE_STRIP = NO;
				DEBUG_INFORMATION_FORMAT = "dwarf-with-dsym";
				ENABLE_NS_ASSERTIONS = NO;
				ENABLE_STRICT_OBJC_MSGSEND = YES;
				GCC_C_LANGUAGE_STANDARD = gnu99;
				GCC_NO_COMMON_BLOCKS = YES;
				GCC_WARN_64_TO_32_BIT_CONVERSION = YES;
				GCC_WARN_ABOUT_RETURN_TYPE = YES_ERROR;
				GCC_WARN_UNDECLARED_SELECTOR = YES;
				GCC_WARN_UNINITIALIZED_AUTOS = YES_AGGRESSIVE;
				GCC_WARN_UNUSED_FUNCTION = YES;
				GCC_WARN_UNUSED_VARIABLE = YES;
				IPHONEOS_DEPLOYMENT_TARGET = 9.3;
				MTL_ENABLE_DEBUG_INFO = NO;
				SDKROOT = iphoneos;
				VALIDATE_PRODUCT = YES;
			};
			name = Release;
		};
		582544C91CF6E60600921AA0 /* Debug */ = {
			isa = XCBuildConfiguration;
			buildSettings = {
				ASSETCATALOG_COMPILER_APPICON_NAME = AppIcon;
				INFOPLIST_FILE = HeadImageDraw/Info.plist;
				LD_RUNPATH_SEARCH_PATHS = "$(inherited) @executable_path/Frameworks";
				PRODUCT_BUNDLE_IDENTIFIER = "Mr.Chang-Project.HeadImageDraw";
				PRODUCT_NAME = "$(TARGET_NAME)";
			};
			name = Debug;
		};
		582544CA1CF6E60600921AA0 /* Release */ = {
			isa = XCBuildConfiguration;
			buildSettings = {
				ASSETCATALOG_COMPILER_APPICON_NAME = AppIcon;
				INFOPLIST_FILE = HeadImageDraw/Info.plist;
				LD_RUNPATH_SEARCH_PATHS = "$(inherited) @executable_path/Frameworks";
				PRODUCT_BUNDLE_IDENTIFIER = "Mr.Chang-Project.HeadImageDraw";
				PRODUCT_NAME = "$(TARGET_NAME)";
			};
			name = Release;
		};
		582544CC1CF6E60600921AA0 /* Debug */ = {
			isa = XCBuildConfiguration;
			buildSettings = {
				BUNDLE_LOADER = "$(TEST_HOST)";
				INFOPLIST_FILE = HeadImageDrawTests/Info.plist;
				LD_RUNPATH_SEARCH_PATHS = "$(inherited) @executable_path/Frameworks @loader_path/Frameworks";
				PRODUCT_BUNDLE_IDENTIFIER = "Mr.Chang-Project.HeadImageDrawTests";
				PRODUCT_NAME = "$(TARGET_NAME)";
				TEST_HOST = "$(BUILT_PRODUCTS_DIR)/HeadImageDraw.app/HeadImageDraw";
			};
			name = Debug;
		};
		582544CD1CF6E60600921AA0 /* Release */ = {
			isa = XCBuildConfiguration;
			buildSettings = {
				BUNDLE_LOADER = "$(TEST_HOST)";
				INFOPLIST_FILE = HeadImageDrawTests/Info.plist;
				LD_RUNPATH_SEARCH_PATHS = "$(inherited) @executable_path/Frameworks @loader_path/Frameworks";
				PRODUCT_BUNDLE_IDENTIFIER = "Mr.Chang-Project.HeadImageDrawTests";
				PRODUCT_NAME = "$(TARGET_NAME)";
				TEST_HOST = "$(BUILT_PRODUCTS_DIR)/HeadImageDraw.app/HeadImageDraw";
			};
			name = Release;
		};
		582544CF1CF6E60600921AA0 /* Debug */ = {
			isa = XCBuildConfiguration;
			buildSettings = {
				INFOPLIST_FILE = HeadImageDrawUITests/Info.plist;
				LD_RUNPATH_SEARCH_PATHS = "$(inherited) @executable_path/Frameworks @loader_path/Frameworks";
				PRODUCT_BUNDLE_IDENTIFIER = "Mr.Chang-Project.HeadImageDrawUITests";
				PRODUCT_NAME = "$(TARGET_NAME)";
				TEST_TARGET_NAME = HeadImageDraw;
			};
			name = Debug;
		};
		582544D01CF6E60600921AA0 /* Release */ = {
			isa = XCBuildConfiguration;
			buildSettings = {
				INFOPLIST_FILE = HeadImageDrawUITests/Info.plist;
				LD_RUNPATH_SEARCH_PATHS = "$(inherited) @executable_path/Frameworks @loader_path/Frameworks";
				PRODUCT_BUNDLE_IDENTIFIER = "Mr.Chang-Project.HeadImageDrawUITests";
				PRODUCT_NAME = "$(TARGET_NAME)";
				TEST_TARGET_NAME = HeadImageDraw;
			};
			name = Release;
		};
/* End XCBuildConfiguration section */

/* Begin XCConfigurationList section */
		5825449B1CF6E60500921AA0 /* Build configuration list for PBXProject "HeadImageDraw" */ = {
			isa = XCConfigurationList;
			buildConfigurations = (
				582544C61CF6E60600921AA0 /* Debug */,
				582544C71CF6E60600921AA0 /* Release */,
			);
			defaultConfigurationIsVisible = 0;
			defaultConfigurationName = Release;
		};
		582544C81CF6E60600921AA0 /* Build configuration list for PBXNativeTarget "HeadImageDraw" */ = {
			isa = XCConfigurationList;
			buildConfigurations = (
				582544C91CF6E60600921AA0 /* Debug */,
				582544CA1CF6E60600921AA0 /* Release */,
			);
			defaultConfigurationIsVisible = 0;
		};
		582544CB1CF6E60600921AA0 /* Build configuration list for PBXNativeTarget "HeadImageDrawTests" */ = {
			isa = XCConfigurationList;
			buildConfigurations = (
				582544CC1CF6E60600921AA0 /* Debug */,
				582544CD1CF6E60600921AA0 /* Release */,
			);
			defaultConfigurationIsVisible = 0;
		};
		582544CE1CF6E60600921AA0 /* Build configuration list for PBXNativeTarget "HeadImageDrawUITests" */ = {
			isa = XCConfigurationList;
			buildConfigurations = (
				582544CF1CF6E60600921AA0 /* Debug */,
				582544D01CF6E60600921AA0 /* Release */,
			);
			defaultConfigurationIsVisible = 0;
		};
/* End XCConfigurationList section */
	};
	rootObject = 582544981CF6E60500921AA0 /* Project object */;
}
